
Microsoft Visual Studio Solution File, Format Version 12.00
# Visual Studio Version 16
VisualStudioVersion = 16.0.31205.134
MinimumVisualStudioVersion = 10.0.40219.1
Project("{FAE04EC0-301F-11D3-BF4B-00C04F79EFBC}") = "RedisTool", "RedisTool\RedisTool.csproj", "{BF8FEF14-5C62-4A87-A204-A902607EC136}"
EndProject
Global
	GlobalSection(SolutionConfigurationPlatforms) = preSolution
		Debug|Any CPU = Debug|Any CPU
		Release|Any CPU = Release|Any CPU
	EndGlobalSection
	GlobalSection(ProjectConfigurationPlatforms) = postSolution
		{BF8FEF14-5C62-4A87-A204-A902607EC136}.Debug|Any CPU.ActiveCfg = Debug|Any CPU
		{BF8FEF14-5C62-4A87-A204-A902607EC136}.Debug|Any CPU.Build.0 = Debug|Any CPU
		{BF8FEF14-5C62-4A87-A204-A902607EC136}.Release|Any CPU.ActiveCfg = Release|Any CPU
		{BF8FEF14-5C62-4A87-A204-A902607EC136}.Release|Any CPU.Build.0 = Release|Any CPU
	EndGlobalSection
	GlobalSection(SolutionProperties) = preSolution
		HideSolutionNode = FALSE
	EndGlobalSection
	GlobalSection(ExtensibilityGlobals) = postSolution
		SolutionGuid = {1C69BAA5-5A63-44D2-888D-0D9D1EF234C3}
	EndGlobalSection
EndGlobal
